
Microsoft Visual Studio Solution File, Format Version 12.00
# Visual Studio 15
VisualStudioVersion = 15.0.28307.136
MinimumVisualStudioVersion = 10.0.40219.1
Project("{8BC9CEB8-8B4A-11D0-8D11-00A0C91BC942}") = "TestEnvironmentD3D9", "TestEnvironmentD3D9\TestEnvironmentD3D9.vcxproj", "{887CFAC0-6BE1-43B2-831E-BACC062CAFBB}"
EndProject
Global
	GlobalSection(SolutionConfigurationPlatforms) = preSolution
		Debug|x64 = Debug|x64
		Debug|x86 = Debug|x86
		Release|x64 = Release|x64
		Release|x86 = Release|x86
	EndGlobalSection
	GlobalSection(ProjectConfigurationPlatforms) = postSolution
		{887CFAC0-6BE1-43B2-831E-BACC062CAFBB}.Debug|x64.ActiveCfg = Debug|x64
		{887CFAC0-6BE1-43B2-831E-BACC062CAFBB}.Debug|x64.Build.0 = Debug|x64
		{887CFAC0-6BE1-43B2-831E-BACC062CAFBB}.Debug|x86.ActiveCfg = Debug|Win32
		{887CFAC0-6BE1-43B2-831E-BACC062CAFBB}.Debug|x86.Build.0 = Debug|Win32
		{887CFAC0-6BE1-43B2-831E-BACC062CAFBB}.Release|x64.ActiveCfg = Release|x64
		{887CFAC0-6BE1-43B2-831E-BACC062CAFBB}.Release|x64.Build.0 = Release|x64
		{887CFAC0-6BE1-43B2-831E-BACC062CAFBB}.Release|x86.ActiveCfg = Release|Win32
		{887CFAC0-6BE1-43B2-831E-BACC062CAFBB}.Release|x86.Build.0 = Release|Win32
	EndGlobalSection
	GlobalSection(SolutionProperties) = preSolution
		HideSolutionNode = FALSE
	EndGlobalSection
	GlobalSection(ExtensibilityGlobals) = postSolution
		SolutionGuid = {56164CFF-0FA8-4A59-86BB-237DB03078CB}
	EndGlobalSection
EndGlobal
